
Microsoft Visual Studio Solution File, Format Version 12.00
# Visual Studio 15
VisualStudioVersion = 15.0.26730.15
MinimumVisualStudioVersion = 10.0.40219.1
Project("{FAE04EC0-301F-11D3-BF4B-00C04F79EFBC}") = "lab5", "lab5.csproj", "{BC92FD68-A0B3-4CD2-A30F-F08CC2DC07EF}"
EndProject
Global
	GlobalSection(SolutionConfigurationPlatforms) = preSolution
		Debug|Any CPU = Debug|Any CPU
		Release|Any CPU = Release|Any CPU
	EndGlobalSection
	GlobalSection(ProjectConfigurationPlatforms) = postSolution
		{BC92FD68-A0B3-4CD2-A30F-F08CC2DC07EF}.Debug|Any CPU.ActiveCfg = Debug|Any CPU
		{BC92FD68-A0B3-4CD2-A30F-F08CC2DC07EF}.Debug|Any CPU.Build.0 = Debug|Any CPU
		{BC92FD68-A0B3-4CD2-A30F-F08CC2DC07EF}.Release|Any CPU.ActiveCfg = Release|Any CPU
		{BC92FD68-A0B3-4CD2-A30F-F08CC2DC07EF}.Release|Any CPU.Build.0 = Release|Any CPU
	EndGlobalSection
	GlobalSection(SolutionProperties) = preSolution
		HideSolutionNode = FALSE
	EndGlobalSection
	GlobalSection(ExtensibilityGlobals) = postSolution
		SolutionGuid = {48DAAC48-BA98-495C-827B-4F3407B66B98}
	EndGlobalSection
EndGlobal
